<?xml version="1.0" encoding="utf-8"?>
<Project ToolsVersion="4.0" xmlns="http://schemas.microsoft.com/developer/msbuild/2003">
  <ItemGroup>
    <Filter Include="ソース ファイル">
      <UniqueIdentifier>{4FC737F1-C7A5-4376-A066-2A32D752A2FF}</UniqueIdentifier>
      <Extensions>cpp;c;cc;cxx;c++;cppm;ixx;def;odl;idl;hpj;bat;asm;asmx</Extensions>
    </Filter>
    <Filter Include="ヘッダー ファイル">
      <UniqueIdentifier>{93995380-89BD-4b04-88EB-625FBE52EBFB}</UniqueIdentifier>
      <Extensions>h;hh;hpp;hxx;h++;hm;inl;inc;ipp;xsd</Extensions>
    </Filter>
    <Filter Include="リソース ファイル">
      <UniqueIdentifier>{67DA6AB6-F800-4c08-8B7A-83BB121AAD01}</UniqueIdentifier>
      <Extensions>rc;ico;cur;bmp;dlg;rc2;rct;bin;rgs;gif;jpg;jpeg;jpe;resx;tiff;tif;png;wav;mfcribbon-ms</Extensions>
    </Filter>
    <Filter Include="ヘッダー ファイル\Mode">
      <UniqueIdentifier>{6c9c517a-1dcb-424f-a854-e999f4b0f7d4}</UniqueIdentifier>
    </Filter>
    <Filter Include="ソース ファイル\Mode">
      <UniqueIdentifier>{84121d02-a5ea-4a3d-a768-9590b8554e7b}</UniqueIdentifier>
    </Filter>
    <Filter Include="ソース ファイル\Mode\Game">
      <UniqueIdentifier>{e3b6c05b-9a4f-42fc-9d98-83f4f5123d4c}</UniqueIdentifier>
    </Filter>
    <Filter Include="ソース ファイル\Mode\Game\Component">
      <UniqueIdentifier>{91e52c9d-693d-42de-ac65-8321741c52ec}</UniqueIdentifier>
    </Filter>
    <Filter Include="ソース ファイル\Mode\Game\Actor">
      <UniqueIdentifier>{4f9e435f-2478-46be-9f16-21b1b77c749e}</UniqueIdentifier>
    </Filter>
    <Filter Include="ヘッダー ファイル\Mode\Game">
      <UniqueIdentifier>{6cba734c-88fe-4ff5-b733-d911b8fbd332}</UniqueIdentifier>
    </Filter>
    <Filter Include="ヘッダー ファイル\Mode\Game\Component">
      <UniqueIdentifier>{e61ac91d-b400-4a93-815e-873389de032e}</UniqueIdentifier>
    </Filter>
    <Filter Include="ヘッダー ファイル\Mode\Game\Actor">
      <UniqueIdentifier>{10e9fcb2-0756-4061-b64f-c1115f290354}</UniqueIdentifier>
    </Filter>
    <Filter Include="iojson">
      <UniqueIdentifier>{7ddaef9d-93f7-4054-83ed-12a54edd16fd}</UniqueIdentifier>
    </Filter>
    <Filter Include="ヘッダー ファイル\Mode\Game\Enemy">
      <UniqueIdentifier>{c6879f5a-a626-47a3-8584-e9c61c333518}</UniqueIdentifier>
    </Filter>
    <Filter Include="ソース ファイル\Mode\Game\Enemy">
      <UniqueIdentifier>{001afc1f-0ab7-4afe-b14d-6c97ad8096d4}</UniqueIdentifier>
    </Filter>
    <Filter Include="ヘッダー ファイル\Mode\Game\Enemy\component">
      <UniqueIdentifier>{319efdba-0302-4d5b-8334-8d22c9b0399e}</UniqueIdentifier>
    </Filter>
    <Filter Include="ソース ファイル\Mode\Game\Enemy\Component">
      <UniqueIdentifier>{38aaa1e3-1c78-4002-a570-56ceb850176a}</UniqueIdentifier>
    </Filter>
    <Filter Include="ソース ファイル\Mode\Game\UI">
      <UniqueIdentifier>{8b005d18-d0b3-4454-aa2f-3e6d6aaaa303}</UniqueIdentifier>
    </Filter>
    <Filter Include="ヘッダー ファイル\Mode\Game\UI">
      <UniqueIdentifier>{590a6886-499b-4ef2-8730-381d558cb992}</UniqueIdentifier>
    </Filter>
    <Filter Include="ソース ファイル\Mode\Game\Sound">
      <UniqueIdentifier>{91eaac1a-8b5d-4ae2-b3b4-3f3802306829}</UniqueIdentifier>
    </Filter>
    <Filter Include="ヘッダー ファイル\Mode\Game\Sound">
      <UniqueIdentifier>{7c943f60-a652-4e95-9258-c94eec6d5a7e}</UniqueIdentifier>
    </Filter>
  </ItemGroup>
  <ItemGroup>
    <ClCompile Include="source\ApplicationMain.cpp">
      <Filter>ソース ファイル</Filter>
    </ClCompile>
    <ClCompile Include="source\ApplicationGlobal.cpp">
      <Filter>ソース ファイル</Filter>
    </ClCompile>
    <ClCompile Include="source\PlayerMoveComponent.cpp">
      <Filter>ソース ファイル\Mode\Game\Component</Filter>
    </ClCompile>
    <ClCompile Include="source\PlayerActor.cpp">
      <Filter>ソース ファイル\Mode\Game\Actor</Filter>
    </ClCompile>
    <ClCompile Include="source\CameraActor.cpp">
      <Filter>ソース ファイル\Mode\Game\Actor</Filter>
    </ClCompile>
    <ClCompile Include="source\ModeTitle.cpp">
      <Filter>ソース ファイル\Mode</Filter>
    </ClCompile>
    <ClCompile Include="source\ModeGame.cpp">
      <Filter>ソース ファイル\Mode\Game</Filter>
    </ClCompile>
    <ClCompile Include="source\ModeTitleMenu.cpp">
      <Filter>ソース ファイル\Mode</Filter>
    </ClCompile>
    <ClCompile Include="source\ModeStageSelect.cpp">
      <Filter>ソース ファイル\Mode</Filter>
    </ClCompile>
    <ClCompile Include="source\ModeOption.cpp">
      <Filter>ソース ファイル\Mode</Filter>
    </ClCompile>
    <ClCompile Include="source\StageBox.cpp">
      <Filter>ソース ファイル\Mode\Game\Actor</Filter>
    </ClCompile>
    <ClCompile Include="source\ioJsonText.cpp">
      <Filter>iojson</Filter>
    </ClCompile>
    <ClCompile Include="source\ioJson.cpp">
      <Filter>iojson</Filter>
    </ClCompile>
    <ClCompile Include="source\EnemyCreator.cpp">
      <Filter>ソース ファイル\Mode\Game\Enemy</Filter>
    </ClCompile>
    <ClCompile Include="source\EnemyActor.cpp">
      <Filter>ソース ファイル\Mode\Game\Enemy</Filter>
    </ClCompile>
    <ClCompile Include="source\EnemyComponent.cpp">
      <Filter>ソース ファイル\Mode\Game\Enemy\Component</Filter>
    </ClCompile>
    <ClCompile Include="source\ECornComponent.cpp">
      <Filter>ソース ファイル\Mode\Game\Enemy\Component</Filter>
    </ClCompile>
    <ClCompile Include="source\EBoxComponent.cpp">
      <Filter>ソース ファイル\Mode\Game\Enemy\Component</Filter>
    </ClCompile>
    <ClCompile Include="source\ModeScenario.cpp">
      <Filter>ソース ファイル\Mode</Filter>
    </ClCompile>
    <ClCompile Include="source\ModeGameUI.cpp">
      <Filter>ソース ファイル\Mode\Game</Filter>
    </ClCompile>
    <ClCompile Include="source\UIPlayerHPClass.cpp">
      <Filter>ソース ファイル\Mode\Game\UI</Filter>
    </ClCompile>
    <ClCompile Include="source\OutlineComponent.cpp">
      <Filter>ソース ファイル\Mode\Game\Component</Filter>
    </ClCompile>
    <ClCompile Include="source\PlayerCursorComponent.cpp">
      <Filter>ソース ファイル\Mode\Game\Component</Filter>
    </ClCompile>
    <ClCompile Include="source\PunchActor.cpp">
      <Filter>ソース ファイル\Mode\Game\Actor</Filter>
    </ClCompile>
    <ClCompile Include="source\ItemActor.cpp">
      <Filter>ソース ファイル\Mode\Game\Actor</Filter>
    </ClCompile>
    <ClCompile Include="source\PlayerMoveCollisionComponent.cpp">
      <Filter>ソース ファイル\Mode\Game\Component</Filter>
    </ClCompile>
    <ClCompile Include="source\EnemySpawnerActor.cpp">
      <Filter>ソース ファイル\Mode\Game\Enemy</Filter>
    </ClCompile>
    <ClCompile Include="source\ModeLoading.cpp">
      <Filter>ソース ファイル\Mode\Game</Filter>
    </ClCompile>
    <ClCompile Include="source\GroupAttackActor.cpp">
      <Filter>ソース ファイル\Mode\Game\Enemy</Filter>
    </ClCompile>
    <ClCompile Include="source\BossActor.cpp">
      <Filter>ソース ファイル\Mode\Game\Enemy</Filter>
    </ClCompile>
    <ClCompile Include="source\TreeActor.cpp">
      <Filter>ソース ファイル\Mode\Game\Actor</Filter>
    </ClCompile>
    <ClCompile Include="source\ExplosionActor.cpp">
      <Filter>ソース ファイル\Mode\Game\Actor</Filter>
    </ClCompile>
    <ClCompile Include="source\LaserActor.cpp">
      <Filter>ソース ファイル\Mode\Game\Actor</Filter>
    </ClCompile>
    <ClCompile Include="source\BreakableBoxActor.cpp">
      <Filter>ソース ファイル\Mode\Game\Actor</Filter>
    </ClCompile>
    <ClCompile Include="source\SlashActor.cpp">
      <Filter>ソース ファイル\Mode\Game\Actor</Filter>
    </ClCompile>
    <ClCompile Include="source\GoalItemActor.cpp">
      <Filter>ソース ファイル\Mode\Game\Actor</Filter>
    </ClCompile>
    <ClCompile Include="source\ModeStory.cpp">
      <Filter>ソース ファイル\Mode</Filter>
    </ClCompile>
    <ClCompile Include="source\ModeGameOver.cpp">
      <Filter>ソース ファイル\Mode\Game</Filter>
    </ClCompile>
    <ClCompile Include="source\ModeGameGoal.cpp">
      <Filter>ソース ファイル\Mode\Game</Filter>
    </ClCompile>
    <ClCompile Include="source\UITextComponent.cpp">
      <Filter>ソース ファイル\Mode\Game\UI</Filter>
    </ClCompile>
    <ClCompile Include="source\GimmickWallActor.cpp">
      <Filter>ソース ファイル\Mode\Game\Actor</Filter>
    </ClCompile>
    <ClCompile Include="source\DaikanpaActor.cpp">
      <Filter>ソース ファイル\Mode\Game\Actor</Filter>
    </ClCompile>
    <ClCompile Include="source\UIBossHPClass.cpp">
      <Filter>ソース ファイル\Mode\Game\UI</Filter>
    </ClCompile>
    <ClCompile Include="source\BossAttackActor.cpp">
      <Filter>ソース ファイル\Mode\Game\Enemy</Filter>
    </ClCompile>
    <ClCompile Include="source\UIItemClass.cpp">
      <Filter>ソース ファイル\Mode\Game\UI</Filter>
    </ClCompile>
    <ClCompile Include="source\BGMActor.cpp">
      <Filter>ソース ファイル\Mode\Game\Sound</Filter>
    </ClCompile>
    <ClCompile Include="source\SnowComponent.cpp">
      <Filter>ソース ファイル\Mode\Game\Component</Filter>
    </ClCompile>
    <ClCompile Include="source\UISoundActor.cpp">
      <Filter>ソース ファイル\Mode\Game\Sound</Filter>
    </ClCompile>
    <ClCompile Include="source\TimerComponent.cpp">
      <Filter>ソース ファイル\Mode\Game\Component</Filter>
    </ClCompile>
    <ClCompile Include="source\BulletComponent.cpp">
      <Filter>ソース ファイル\Mode\Game\Enemy\Component</Filter>
    </ClCompile>
    <ClCompile Include="source\UITextActor.cpp">
      <Filter>ソース ファイル\Mode\Game\UI</Filter>
    </ClCompile>
    <ClCompile Include="source\ChangeSnowBallActor.cpp">
      <Filter>ソース ファイル\Mode\Game\Actor</Filter>
    </ClCompile>
    <ClCompile Include="source\LavaActor.cpp">
      <Filter>ソース ファイル\Mode\Game\Actor</Filter>
    </ClCompile>
  </ItemGroup>
  <ItemGroup>
    <ClInclude Include="source\ApplicationMain.h">
      <Filter>ヘッダー ファイル</Filter>
    </ClInclude>
    <ClInclude Include="source\ApplicationGlobal.h">
      <Filter>ヘッダー ファイル</Filter>
    </ClInclude>
    <ClInclude Include="source\PlayerActor.h">
      <Filter>ヘッダー ファイル\Mode\Game\Actor</Filter>
    </ClInclude>
    <ClInclude Include="source\CameraActor.h">
      <Filter>ヘッダー ファイル\Mode\Game\Actor</Filter>
    </ClInclude>
    <ClInclude Include="source\ModeMenu.h">
      <Filter>ヘッダー ファイル\Mode</Filter>
    </ClInclude>
    <ClInclude Include="source\ModeTitle.h">
      <Filter>ヘッダー ファイル\Mode</Filter>
    </ClInclude>
    <ClInclude Include="source\ModeGame.h">
      <Filter>ヘッダー ファイル\Mode\Game</Filter>
    </ClInclude>
    <ClInclude Include="source\ModeTitleMenu.h">
      <Filter>ヘッダー ファイル\Mode</Filter>
    </ClInclude>
    <ClInclude Include="source\ModeStageSelect.h">
      <Filter>ヘッダー ファイル\Mode</Filter>
    </ClInclude>
    <ClInclude Include="source\ModeOption.h">
      <Filter>ヘッダー ファイル\Mode</Filter>
    </ClInclude>
    <ClInclude Include="source\StageBox.h">
      <Filter>ヘッダー ファイル\Mode\Game\Actor</Filter>
    </ClInclude>
    <ClInclude Include="source\ioJson.h">
      <Filter>iojson</Filter>
    </ClInclude>
    <ClInclude Include="source\ioJsonText.h">
      <Filter>iojson</Filter>
    </ClInclude>
    <ClInclude Include="source\EnemyCreator.h">
      <Filter>ヘッダー ファイル\Mode\Game\Enemy</Filter>
    </ClInclude>
    <ClInclude Include="source\EnemyActor.h">
      <Filter>ヘッダー ファイル\Mode\Game\Enemy</Filter>
    </ClInclude>
    <ClInclude Include="source\EnemyComponent.h">
      <Filter>ヘッダー ファイル\Mode\Game\Enemy\component</Filter>
    </ClInclude>
    <ClInclude Include="source\EnemyStruct.h">
      <Filter>ヘッダー ファイル\Mode\Game\Enemy</Filter>
    </ClInclude>
    <ClInclude Include="source\ECornComponent.h">
      <Filter>ヘッダー ファイル\Mode\Game\Enemy\component</Filter>
    </ClInclude>
    <ClInclude Include="source\EBoxComponent.h">
      <Filter>ヘッダー ファイル\Mode\Game\Enemy\component</Filter>
    </ClInclude>
    <ClInclude Include="source\SnowComponent.h">
      <Filter>ヘッダー ファイル\Mode\Game\Component</Filter>
    </ClInclude>
    <ClInclude Include="source\ModeScenario.h">
      <Filter>ヘッダー ファイル\Mode</Filter>
    </ClInclude>
    <ClInclude Include="source\ModeGameUI.h">
      <Filter>ヘッダー ファイル\Mode\Game</Filter>
    </ClInclude>
    <ClInclude Include="source\UIPlayerHPClass.h">
      <Filter>ヘッダー ファイル\Mode\Game\UI</Filter>
    </ClInclude>
    <ClInclude Include="source\EnemySpawnerActor.h">
      <Filter>ヘッダー ファイル</Filter>
    </ClInclude>
    <ClInclude Include="source\OutlineComponent.h">
      <Filter>ヘッダー ファイル\Mode\Game\Component</Filter>
    </ClInclude>
    <ClInclude Include="source\PlayerCursorComponent.h">
      <Filter>ヘッダー ファイル\Mode\Game\Component</Filter>
    </ClInclude>
    <ClInclude Include="source\PunchActor.h">
      <Filter>ヘッダー ファイル\Mode\Game\Actor</Filter>
    </ClInclude>
    <ClInclude Include="source\ItemActor.h">
      <Filter>ヘッダー ファイル\Mode\Game\Actor</Filter>
    </ClInclude>
    <ClInclude Include="source\OutlineComponent.h">
      <Filter>ヘッダー ファイル\Mode\Game\Component</Filter>
    </ClInclude>
    <ClInclude Include="source\EnemySpawnerActor.h">
      <Filter>ヘッダー ファイル\Mode\Game\Enemy</Filter>
    </ClInclude>
    <ClInclude Include="source\ModeLoading.h">
      <Filter>ヘッダー ファイル\Mode\Game</Filter>
    </ClInclude>
    <ClInclude Include="source\GroupAttackActor.h">
      <Filter>ヘッダー ファイル\Mode\Game\Enemy</Filter>
    </ClInclude>
    <ClInclude Include="source\BossActor.h">
      <Filter>ヘッダー ファイル\Mode\Game\Enemy</Filter>
    </ClInclude>
    <ClInclude Include="source\PlayerMoveCollisionComponent.h">
      <Filter>ヘッダー ファイル\Mode\Game\Component</Filter>
    </ClInclude>
    <ClInclude Include="source\TreeActor.h">
      <Filter>ヘッダー ファイル\Mode\Game\Actor</Filter>
    </ClInclude>
    <ClInclude Include="source\ExplosionActor.h">
      <Filter>ヘッダー ファイル\Mode\Game\Actor</Filter>
    </ClInclude>
    <ClInclude Include="source\LaserActor.h">
      <Filter>ヘッダー ファイル\Mode\Game\Actor</Filter>
    </ClInclude>
    <ClInclude Include="source\BreakableBoxActor.h">
      <Filter>ヘッダー ファイル\Mode\Game\Actor</Filter>
    </ClInclude>
    <ClInclude Include="source\SlashActor.h">
      <Filter>ヘッダー ファイル\Mode\Game\Actor</Filter>
    </ClInclude>
    <ClInclude Include="source\GoalItemActor.h">
      <Filter>ヘッダー ファイル\Mode\Game\Actor</Filter>
    </ClInclude>
    <ClInclude Include="source\ModeStory.h">
      <Filter>ヘッダー ファイル\Mode</Filter>
    </ClInclude>
    <ClInclude Include="source\ModeGameGoal.h">
      <Filter>ヘッダー ファイル\Mode\Game</Filter>
    </ClInclude>
    <ClInclude Include="source\ModeGameOver.h">
      <Filter>ヘッダー ファイル\Mode\Game</Filter>
    </ClInclude>
    <ClInclude Include="source\UITextComponent.h">
      <Filter>ヘッダー ファイル\Mode\Game\UI</Filter>
    </ClInclude>
    <ClInclude Include="source\GimmickWallActor.h">
      <Filter>ヘッダー ファイル\Mode\Game\Actor</Filter>
    </ClInclude>
    <ClInclude Include="source\DaikanpaActor.h">
      <Filter>ヘッダー ファイル\Mode\Game\Actor</Filter>
    </ClInclude>
    <ClInclude Include="source\BossAttackActor.h">
      <Filter>ヘッダー ファイル\Mode\Game\Enemy</Filter>
    </ClInclude>
    <ClInclude Include="source\UIBossHPClass.h">
      <Filter>ヘッダー ファイル\Mode\Game\UI</Filter>
    </ClInclude>
    <ClInclude Include="source\UIItemClass.h">
      <Filter>ヘッダー ファイル\Mode\Game\UI</Filter>
    </ClInclude>
    <ClInclude Include="source\BGMActor.h">
      <Filter>ヘッダー ファイル\Mode\Game\Sound</Filter>
    </ClInclude>
    <ClInclude Include="source\TimerComponent.h">
      <Filter>ヘッダー ファイル\Mode\Game\Component</Filter>
    </ClInclude>
    <ClInclude Include="source\UITextActor.h">
      <Filter>ヘッダー ファイル\Mode\Game\UI</Filter>
    </ClInclude>
    <ClInclude Include="source\LavaActor.h">
      <Filter>ヘッダー ファイル\Mode\Game\Actor</Filter>
    </ClInclude>
    <ClInclude Include="source\ChangeSnowBallActor.h">
      <Filter>ヘッダー ファイル\Mode\Game\Actor</Filter>
    </ClInclude>
    <ClInclude Include="source\UISoundActor.h">
      <Filter>ヘッダー ファイル\Mode\Game\Sound</Filter>
    </ClInclude>
    <ClInclude Include="source\BulletComponent.h">
      <Filter>ヘッダー ファイル\Mode\Game\Enemy\component</Filter>
    </ClInclude>
  </ItemGroup>
</Project>