<?xml version="1.0" encoding="utf-8"?>
<Project ToolsVersion="4.0" xmlns="http://schemas.microsoft.com/developer/msbuild/2003">
  <ItemGroup>
    <Filter Include="ModeServer">
      <UniqueIdentifier>{93995380-89BD-4b04-88EB-625FBE52EBFB}</UniqueIdentifier>
      <Extensions>h;hh;hpp;hxx;h++;hm;inl;inc;ipp;xsd</Extensions>
    </Filter>
    <Filter Include="Application">
      <UniqueIdentifier>{4FC737F1-C7A5-4376-A066-2A32D752A2FF}</UniqueIdentifier>
      <Extensions>cpp;c;cc;cxx;c++;cppm;ixx;def;odl;idl;hpj;bat;asm;asmx</Extensions>
    </Filter>
    <Filter Include="ModeServer\Actor">
      <UniqueIdentifier>{b3d3b00a-2033-45cd-bf54-fd1dcdd2c876}</UniqueIdentifier>
    </Filter>
    <Filter Include="ModelServer">
      <UniqueIdentifier>{8adc9293-3359-4859-b7db-5cc46bec2372}</UniqueIdentifier>
    </Filter>
    <Filter Include="SoundServer">
      <UniqueIdentifier>{b109c811-85e4-41d0-9e01-2500a83b7b68}</UniqueIdentifier>
    </Filter>
    <Filter Include="SoundServer\SourceVoice">
      <UniqueIdentifier>{2351554b-8283-4f27-8aca-368ac465eb16}</UniqueIdentifier>
    </Filter>
    <Filter Include="EffectServer">
      <UniqueIdentifier>{744f18b5-1e29-44b8-8329-b743f8bcd112}</UniqueIdentifier>
    </Filter>
  </ItemGroup>
  <ItemGroup>
    <ClInclude Include="source\appframe.h" />
    <ClInclude Include="source\Application\ApplicationBase.h">
      <Filter>Application</Filter>
    </ClInclude>
    <ClInclude Include="source\ModeServer\ModeBase.h">
      <Filter>ModeServer</Filter>
    </ClInclude>
    <ClInclude Include="source\ModeServer\ActorClass.h">
      <Filter>ModeServer</Filter>
    </ClInclude>
    <ClInclude Include="source\ModeServer\Component.h">
      <Filter>ModeServer</Filter>
    </ClInclude>
    <ClInclude Include="source\ModeServer\SpriteComponent.h">
      <Filter>ModeServer</Filter>
    </ClInclude>
    <ClInclude Include="source\ModeServer\ModeServer.h">
      <Filter>ModeServer</Filter>
    </ClInclude>
    <ClInclude Include="source\Application\UtilMacro.h">
      <Filter>Application</Filter>
    </ClInclude>
    <ClInclude Include="source\ModeServer\Actor\UIChipSpriteComponent.h">
      <Filter>ModeServer\Actor</Filter>
    </ClInclude>
    <ClInclude Include="source\ModeServer\Actor\UIChipClass.h">
      <Filter>ModeServer\Actor</Filter>
    </ClInclude>
    <ClInclude Include="source\ModeServer\Actor\UIChipEffectComponent.h">
      <Filter>ModeServer\Actor</Filter>
    </ClInclude>
    <ClInclude Include="source\ModelServer\ModelServer.h">
      <Filter>ModelServer</Filter>
    </ClInclude>
    <ClInclude Include="source\ModeServer\MoveCollisionComponent.h">
      <Filter>ModeServer</Filter>
    </ClInclude>
    <ClInclude Include="source\ModeServer\ModelComponent.h">
      <Filter>ModeServer</Filter>
    </ClInclude>
    <ClInclude Include="source\ModeServer\MoveComponent.h">
      <Filter>ModeServer</Filter>
    </ClInclude>
    <ClInclude Include="source\SoundServer\SoundServer.h">
      <Filter>SoundServer</Filter>
    </ClInclude>
    <ClInclude Include="source\SoundServer\WAVRead.h">
      <Filter>SoundServer</Filter>
    </ClInclude>
    <ClInclude Include="source\SoundServer\SourceVoiceItem.h">
      <Filter>SoundServer\SourceVoice</Filter>
    </ClInclude>
    <ClInclude Include="source\ModeServer\HitCollisionComponent.h">
      <Filter>ModeServer</Filter>
    </ClInclude>
    <ClInclude Include="source\SoundServer\SoundComponent.h">
      <Filter>SoundServer</Filter>
    </ClInclude>
    <ClInclude Include="source\EffectServer\EffectController.h">
      <Filter>EffectServer</Filter>
    </ClInclude>
    <ClInclude Include="source\EffectServer\EffectManager.h">
      <Filter>EffectServer</Filter>
    </ClInclude>
    <ClInclude Include="source\EffectServer\PlayerEmphasisEffect.h">
      <Filter>EffectServer</Filter>
    </ClInclude>
    <ClInclude Include="source\ModeServer\EffectSpriteComponent.h">
      <Filter>ModeServer</Filter>
    </ClInclude>
    <ClInclude Include="source\EffectServer\ShadowMapSpriteComponent.h">
      <Filter>EffectServer</Filter>
    </ClInclude>
    <ClInclude Include="source\SoundServer\SourceVoiceItemEffect.h">
      <Filter>SoundServer\SourceVoice</Filter>
    </ClInclude>
  </ItemGroup>
  <ItemGroup>
    <ClCompile Include="source\Application\WinMain.cpp">
      <Filter>Application</Filter>
    </ClCompile>
    <ClCompile Include="source\Application\ApplicationBase.cpp">
      <Filter>Application</Filter>
    </ClCompile>
    <ClCompile Include="source\ModeServer\ModeBase.cpp">
      <Filter>ModeServer</Filter>
    </ClCompile>
    <ClCompile Include="source\ModeServer\ActorClass.cpp">
      <Filter>ModeServer</Filter>
    </ClCompile>
    <ClCompile Include="source\ModeServer\Component.cpp">
      <Filter>ModeServer</Filter>
    </ClCompile>
    <ClCompile Include="source\ModeServer\SpriteComponent.cpp">
      <Filter>ModeServer</Filter>
    </ClCompile>
    <ClCompile Include="source\ModeServer\ModeServer.cpp">
      <Filter>ModeServer</Filter>
    </ClCompile>
    <ClCompile Include="source\ModeServer\Actor\UIChipClass.cpp">
      <Filter>ModeServer\Actor</Filter>
    </ClCompile>
    <ClCompile Include="source\ModeServer\Actor\UIChipSpriteComponent.cpp">
      <Filter>ModeServer\Actor</Filter>
    </ClCompile>
    <ClCompile Include="source\ModeServer\Actor\UIChipEffectComponent.cpp">
      <Filter>ModeServer\Actor</Filter>
    </ClCompile>
    <ClCompile Include="source\ModelServer\ModelServer.cpp">
      <Filter>ModelServer</Filter>
    </ClCompile>
    <ClCompile Include="source\ModeServer\MoveCollisionComponent.cpp">
      <Filter>ModeServer</Filter>
    </ClCompile>
    <ClCompile Include="source\ModeServer\ModelComponent.cpp">
      <Filter>ModeServer</Filter>
    </ClCompile>
    <ClCompile Include="source\ModeServer\MoveComponent.cpp">
      <Filter>ModeServer</Filter>
    </ClCompile>
    <ClCompile Include="source\SoundServer\SoundServer.cpp">
      <Filter>SoundServer</Filter>
    </ClCompile>
    <ClCompile Include="source\SoundServer\WAVRead.cpp">
      <Filter>SoundServer</Filter>
    </ClCompile>
    <ClCompile Include="source\SoundServer\SourceVoiceItem.cpp">
      <Filter>SoundServer\SourceVoice</Filter>
    </ClCompile>
    <ClCompile Include="source\ModeServer\HitCollisionComponent.cpp">
      <Filter>ModeServer</Filter>
    </ClCompile>
    <ClCompile Include="source\SoundServer\SoundComponent.cpp">
      <Filter>SoundServer</Filter>
    </ClCompile>
    <ClCompile Include="source\EffectServer\EffectController.cpp">
      <Filter>EffectServer</Filter>
    </ClCompile>
    <ClCompile Include="source\EffectServer\EffectManager.cpp">
      <Filter>EffectServer</Filter>
    </ClCompile>
    <ClCompile Include="source\EffectServer\PlayerEmphasisEffect.cpp">
      <Filter>EffectServer</Filter>
    </ClCompile>
    <ClCompile Include="source\ModeServer\EffectSpriteComponent.cpp">
      <Filter>ModeServer</Filter>
    </ClCompile>
    <ClCompile Include="source\EffectServer\ShadowMapSpriteComponent.cpp">
      <Filter>EffectServer</Filter>
    </ClCompile>
    <ClCompile Include="source\SoundServer\SourceVoiceItemEffect.cpp">
      <Filter>SoundServer\SourceVoice</Filter>
    </ClCompile>
  </ItemGroup>
</Project>